// !$*UTF8*$!
{
	archiveVersion = 1;
	classes = {
	};
	objectVersion = 46;
	objects = {

/* Begin PBXBuildFile section */
		D218B6E51C7E859A00569E1A /* blackBackground.swift in Sources */ = {isa = PBXBuildFile; fileRef = D218B6E41C7E859A00569E1A /* blackBackground.swift */; };
		D22044061C7BA3A100701252 /* RandomNumberBackground.swift in Sources */ = {isa = PBXBuildFile; fileRef = D22044051C7BA3A100701252 /* RandomNumberBackground.swift */; };
		D232FF7D1C8C7FB00075068E /* TextViewEditCell.swift in Sources */ = {isa = PBXBuildFile; fileRef = D232FF7C1C8C7FB00075068E /* TextViewEditCell.swift */; };
		D232FF7F1C8CC4A80075068E /* SaveTextInput.swift in Sources */ = {isa = PBXBuildFile; fileRef = D232FF7E1C8CC4A80075068E /* SaveTextInput.swift */; };
		D235E2BA1C7390D600CD11C9 /* LevelButton.swift in Sources */ = {isa = PBXBuildFile; fileRef = D235E2B91C7390D600CD11C9 /* LevelButton.swift */; };
		D24512FD1C9316200097F9B7 /* GameController.swift in Sources */ = {isa = PBXBuildFile; fileRef = D24512FB1C9316200097F9B7 /* GameController.swift */; };
		D24513011C935E260097F9B7 /* GameViewController.swift in Sources */ = {isa = PBXBuildFile; fileRef = D24512FF1C935E260097F9B7 /* GameViewController.swift */; };
		D24513021C935E260097F9B7 /* GameViewController.xib in Resources */ = {isa = PBXBuildFile; fileRef = D24513001C935E260097F9B7 /* GameViewController.xib */; };
		D2653F2A1C87579F0027A038 /* Toolbar.swift in Sources */ = {isa = PBXBuildFile; fileRef = D2653F291C87579F0027A038 /* Toolbar.swift */; };
		D2653F2C1C8782060027A038 /* Level.swift in Sources */ = {isa = PBXBuildFile; fileRef = D2653F2B1C8782060027A038 /* Level.swift */; };
		D2701E371C82489C009E3663 /* CreateLevelController.swift in Sources */ = {isa = PBXBuildFile; fileRef = D2701E351C82489C009E3663 /* CreateLevelController.swift */; };
		D2701E3B1C824B6E009E3663 /* SheetView.swift in Sources */ = {isa = PBXBuildFile; fileRef = D2701E3A1C824B6E009E3663 /* SheetView.swift */; };
		D2701E411C82507E009E3663 /* MyWindow.swift in Sources */ = {isa = PBXBuildFile; fileRef = D2701E401C82507E009E3663 /* MyWindow.swift */; };
		D27F9A951C908730009BCB3C /* GameBackground.swift in Sources */ = {isa = PBXBuildFile; fileRef = D27F9A941C908730009BCB3C /* GameBackground.swift */; };
		D27F9A991C9092C1009BCB3C /* LevelView.swift in Sources */ = {isa = PBXBuildFile; fileRef = D27F9A981C9092C1009BCB3C /* LevelView.swift */; };
		D27F9A9B1C909499009BCB3C /* ScrollLevel.swift in Sources */ = {isa = PBXBuildFile; fileRef = D27F9A9A1C909499009BCB3C /* ScrollLevel.swift */; };
		D2B671071C72B2C900538B6A /* AppDelegate.swift in Sources */ = {isa = PBXBuildFile; fileRef = D2B671061C72B2C900538B6A /* AppDelegate.swift */; };
		D2B671091C72B2C900538B6A /* Assets.xcassets in Resources */ = {isa = PBXBuildFile; fileRef = D2B671081C72B2C900538B6A /* Assets.xcassets */; };
		D2B6710C1C72B2C900538B6A /* MainMenu.xib in Resources */ = {isa = PBXBuildFile; fileRef = D2B6710A1C72B2C900538B6A /* MainMenu.xib */; };
		D2B671171C72B2C900538B6A /* MathLyb3Tests.swift in Sources */ = {isa = PBXBuildFile; fileRef = D2B671161C72B2C900538B6A /* MathLyb3Tests.swift */; };
		D2B671231C72B2F500538B6A /* LevelScrollController.swift in Sources */ = {isa = PBXBuildFile; fileRef = D2B671211C72B2F500538B6A /* LevelScrollController.swift */; };
		D2B671271C72B6D700538B6A /* MainViewController.swift in Sources */ = {isa = PBXBuildFile; fileRef = D2B671251C72B6D700538B6A /* MainViewController.swift */; };
		D2B671281C72B6D700538B6A /* MainViewController.xib in Resources */ = {isa = PBXBuildFile; fileRef = D2B671261C72B6D700538B6A /* MainViewController.xib */; };
		D2CB12D31C806E0300214111 /* MenuBtn.swift in Sources */ = {isa = PBXBuildFile; fileRef = D2CB12D21C806E0300214111 /* MenuBtn.swift */; };
		D2CB12D41C808D0400214111 /* Assets.xcassets in Resources */ = {isa = PBXBuildFile; fileRef = D2B671081C72B2C900538B6A /* Assets.xcassets */; };
		D2D7BB281C838BD500C22B6C /* CustomLevel.swift in Sources */ = {isa = PBXBuildFile; fileRef = D2D7BB271C838BD500C22B6C /* CustomLevel.swift */; };
		D2FCE29B1C7C584100C19C7B /* globalVar.swift in Sources */ = {isa = PBXBuildFile; fileRef = D2FCE29A1C7C584100C19C7B /* globalVar.swift */; };
/* End PBXBuildFile section */

/* Begin PBXContainerItemProxy section */
		D2B671131C72B2C900538B6A /* PBXContainerItemProxy */ = {
			isa = PBXContainerItemProxy;
			containerPortal = D2B670FB1C72B2C900538B6A /* Project object */;
			proxyType = 1;
			remoteGlobalIDString = D2B671021C72B2C900538B6A;
			remoteInfo = MathLyb3;
		};
/* End PBXContainerItemProxy section */

/* Begin PBXFileReference section */
		D218B6E41C7E859A00569E1A /* blackBackground.swift */ = {isa = PBXFileReference; fileEncoding = 4; lastKnownFileType = sourcecode.swift; path = blackBackground.swift; sourceTree = "<group>"; };
		D22044051C7BA3A100701252 /* RandomNumberBackground.swift */ = {isa = PBXFileReference; fileEncoding = 4; lastKnownFileType = sourcecode.swift; path = RandomNumberBackground.swift; sourceTree = "<group>"; };
		D232FF7C1C8C7FB00075068E /* TextViewEditCell.swift */ = {isa = PBXFileReference; fileEncoding = 4; lastKnownFileType = sourcecode.swift; path = TextViewEditCell.swift; sourceTree = "<group>"; };
		D232FF7E1C8CC4A80075068E /* SaveTextInput.swift */ = {isa = PBXFileReference; fileEncoding = 4; lastKnownFileType = sourcecode.swift; path = SaveTextInput.swift; sourceTree = "<group>"; };
		D235E2B91C7390D600CD11C9 /* LevelButton.swift */ = {isa = PBXFileReference; fileEncoding = 4; lastKnownFileType = sourcecode.swift; path = LevelButton.swift; sourceTree = "<group>"; };
		D24512FB1C9316200097F9B7 /* GameController.swift */ = {isa = PBXFileReference; fileEncoding = 4; lastKnownFileType = sourcecode.swift; path = GameController.swift; sourceTree = "<group>"; };
		D24512FF1C935E260097F9B7 /* GameViewController.swift */ = {isa = PBXFileReference; fileEncoding = 4; lastKnownFileType = sourcecode.swift; path = GameViewController.swift; sourceTree = "<group>"; };
		D24513001C935E260097F9B7 /* GameViewController.xib */ = {isa = PBXFileReference; fileEncoding = 4; lastKnownFileType = file.xib; path = GameViewController.xib; sourceTree = "<group>"; };
		D2653F291C87579F0027A038 /* Toolbar.swift */ = {isa = PBXFileReference; fileEncoding = 4; lastKnownFileType = sourcecode.swift; path = Toolbar.swift; sourceTree = "<group>"; };
		D2653F2B1C8782060027A038 /* Level.swift */ = {isa = PBXFileReference; fileEncoding = 4; lastKnownFileType = sourcecode.swift; path = Level.swift; sourceTree = "<group>"; };
		D2701E351C82489C009E3663 /* CreateLevelController.swift */ = {isa = PBXFileReference; fileEncoding = 4; lastKnownFileType = sourcecode.swift; path = CreateLevelController.swift; sourceTree = "<group>"; };
		D2701E3A1C824B6E009E3663 /* SheetView.swift */ = {isa = PBXFileReference; fileEncoding = 4; lastKnownFileType = sourcecode.swift; path = SheetView.swift; sourceTree = "<group>"; };
		D2701E401C82507E009E3663 /* MyWindow.swift */ = {isa = PBXFileReference; fileEncoding = 4; lastKnownFileType = sourcecode.swift; path = MyWindow.swift; sourceTree = "<group>"; };
		D27F9A941C908730009BCB3C /* GameBackground.swift */ = {isa = PBXFileReference; fileEncoding = 4; lastKnownFileType = sourcecode.swift; path = GameBackground.swift; sourceTree = "<group>"; };
		D27F9A981C9092C1009BCB3C /* LevelView.swift */ = {isa = PBXFileReference; fileEncoding = 4; lastKnownFileType = sourcecode.swift; path = LevelView.swift; sourceTree = "<group>"; };
		D27F9A9A1C909499009BCB3C /* ScrollLevel.swift */ = {isa = PBXFileReference; fileEncoding = 4; lastKnownFileType = sourcecode.swift; path = ScrollLevel.swift; sourceTree = "<group>"; };
		D2B671031C72B2C900538B6A /* MathLyb3.app */ = {isa = PBXFileReference; explicitFileType = wrapper.application; includeInIndex = 0; path = MathLyb3.app; sourceTree = BUILT_PRODUCTS_DIR; };
		D2B671061C72B2C900538B6A /* AppDelegate.swift */ = {isa = PBXFileReference; lastKnownFileType = sourcecode.swift; path = AppDelegate.swift; sourceTree = "<group>"; };
		D2B671081C72B2C900538B6A /* Assets.xcassets */ = {isa = PBXFileReference; lastKnownFileType = folder.assetcatalog; path = Assets.xcassets; sourceTree = "<group>"; };
		D2B6710B1C72B2C900538B6A /* Base */ = {isa = PBXFileReference; lastKnownFileType = file.xib; name = Base; path = Base.lproj/MainMenu.xib; sourceTree = "<group>"; };
		D2B6710D1C72B2C900538B6A /* Info.plist */ = {isa = PBXFileReference; lastKnownFileType = text.plist.xml; path = Info.plist; sourceTree = "<group>"; };
		D2B671121C72B2C900538B6A /* MathLyb3Tests.xctest */ = {isa = PBXFileReference; explicitFileType = wrapper.cfbundle; includeInIndex = 0; path = MathLyb3Tests.xctest; sourceTree = BUILT_PRODUCTS_DIR; };
		D2B671161C72B2C900538B6A /* MathLyb3Tests.swift */ = {isa = PBXFileReference; lastKnownFileType = sourcecode.swift; path = MathLyb3Tests.swift; sourceTree = "<group>"; };
		D2B671181C72B2C900538B6A /* Info.plist */ = {isa = PBXFileReference; lastKnownFileType = text.plist.xml; path = Info.plist; sourceTree = "<group>"; };
		D2B671211C72B2F500538B6A /* LevelScrollController.swift */ = {isa = PBXFileReference; fileEncoding = 4; lastKnownFileType = sourcecode.swift; path = LevelScrollController.swift; sourceTree = "<group>"; };
		D2B671251C72B6D700538B6A /* MainViewController.swift */ = {isa = PBXFileReference; fileEncoding = 4; lastKnownFileType = sourcecode.swift; path = MainViewController.swift; sourceTree = "<group>"; };
		D2B671261C72B6D700538B6A /* MainViewController.xib */ = {isa = PBXFileReference; fileEncoding = 4; lastKnownFileType = file.xib; path = MainViewController.xib; sourceTree = "<group>"; };
		D2CB12D21C806E0300214111 /* MenuBtn.swift */ = {isa = PBXFileReference; fileEncoding = 4; lastKnownFileType = sourcecode.swift; path = MenuBtn.swift; sourceTree = "<group>"; };
		D2D7BB271C838BD500C22B6C /* CustomLevel.swift */ = {isa = PBXFileReference; fileEncoding = 4; lastKnownFileType = sourcecode.swift; path = CustomLevel.swift; sourceTree = "<group>"; };
		D2FCE29A1C7C584100C19C7B /* globalVar.swift */ = {isa = PBXFileReference; fileEncoding = 4; lastKnownFileType = sourcecode.swift; path = globalVar.swift; sourceTree = "<group>"; };
/* End PBXFileReference section */

/* Begin PBXFrameworksBuildPhase section */
		D2B671001C72B2C900538B6A /* Frameworks */ = {
			isa = PBXFrameworksBuildPhase;
			buildActionMask = 2147483647;
			files = (
			);
			runOnlyForDeploymentPostprocessing = 0;
		};
		D2B6710F1C72B2C900538B6A /* Frameworks */ = {
			isa = PBXFrameworksBuildPhase;
			buildActionMask = 2147483647;
			files = (
			);
			runOnlyForDeploymentPostprocessing = 0;
		};
/* End PBXFrameworksBuildPhase section */

/* Begin PBXGroup section */
		D26CDB8A1C77872C008AF56C /* SelectLevelController */ = {
			isa = PBXGroup;
			children = (
				D235E2B91C7390D600CD11C9 /* LevelButton.swift */,
				D2B671211C72B2F500538B6A /* LevelScrollController.swift */,
			);
			name = SelectLevelController;
			sourceTree = "<group>";
		};
		D2701E391C8248A6009E3663 /* CreateLevelController */ = {
			isa = PBXGroup;
			children = (
				D2701E351C82489C009E3663 /* CreateLevelController.swift */,
				D2D7BB271C838BD500C22B6C /* CustomLevel.swift */,
				D232FF7C1C8C7FB00075068E /* TextViewEditCell.swift */,
				D232FF7E1C8CC4A80075068E /* SaveTextInput.swift */,
				D2653F291C87579F0027A038 /* Toolbar.swift */,
			);
			name = CreateLevelController;
			sourceTree = "<group>";
		};
		D27F9A931C9086F7009BCB3C /* GIOCO */ = {
			isa = PBXGroup;
			children = (
				D24512FB1C9316200097F9B7 /* GameController.swift */,
				D24512FF1C935E260097F9B7 /* GameViewController.swift */,
				D24513001C935E260097F9B7 /* GameViewController.xib */,
				D27F9A981C9092C1009BCB3C /* LevelView.swift */,
				D27F9A9A1C909499009BCB3C /* ScrollLevel.swift */,
				D27F9A941C908730009BCB3C /* GameBackground.swift */,
			);
			name = GIOCO;
			sourceTree = "<group>";
		};
		D2B670FA1C72B2C900538B6A = {
			isa = PBXGroup;
			children = (
				D2B671051C72B2C900538B6A /* MathLyb3 */,
				D2B671151C72B2C900538B6A /* MathLyb3Tests */,
				D2B671041C72B2C900538B6A /* Products */,
			);
			sourceTree = "<group>";
		};
		D2B671041C72B2C900538B6A /* Products */ = {
			isa = PBXGroup;
			children = (
				D2B671031C72B2C900538B6A /* MathLyb3.app */,
				D2B671121C72B2C900538B6A /* MathLyb3Tests.xctest */,
			);
			name = Products;
			sourceTree = "<group>";
		};
		D2B671051C72B2C900538B6A /* MathLyb3 */ = {
			isa = PBXGroup;
			children = (
				D2B671061C72B2C900538B6A /* AppDelegate.swift */,
				D2701E401C82507E009E3663 /* MyWindow.swift */,
				D2B671081C72B2C900538B6A /* Assets.xcassets */,
				D2B6710A1C72B2C900538B6A /* MainMenu.xib */,
				D22044051C7BA3A100701252 /* RandomNumberBackground.swift */,
				D2CB12D21C806E0300214111 /* MenuBtn.swift */,
				D2FCE29A1C7C584100C19C7B /* globalVar.swift */,
				D2701E3A1C824B6E009E3663 /* SheetView.swift */,
				D2B671251C72B6D700538B6A /* MainViewController.swift */,
				D2B671261C72B6D700538B6A /* MainViewController.xib */,
				D2653F2B1C8782060027A038 /* Level.swift */,
				D218B6E41C7E859A00569E1A /* blackBackground.swift */,
				D2701E391C8248A6009E3663 /* CreateLevelController */,
				D26CDB8A1C77872C008AF56C /* SelectLevelController */,
				D2B6710D1C72B2C900538B6A /* Info.plist */,
				D27F9A931C9086F7009BCB3C /* GIOCO */,
			);
			path = MathLyb3;
			sourceTree = "<group>";
		};
		D2B671151C72B2C900538B6A /* MathLyb3Tests */ = {
			isa = PBXGroup;
			children = (
				D2B671161C72B2C900538B6A /* MathLyb3Tests.swift */,
				D2B671181C72B2C900538B6A /* Info.plist */,
			);
			path = MathLyb3Tests;
			sourceTree = "<group>";
		};
/* End PBXGroup section */

/* Begin PBXNativeTarget section */
		D2B671021C72B2C900538B6A /* MathLyb3 */ = {
			isa = PBXNativeTarget;
			buildConfigurationList = D2B6711B1C72B2C900538B6A /* Build configuration list for PBXNativeTarget "MathLyb3" */;
			buildPhases = (
				D2B670FF1C72B2C900538B6A /* Sources */,
				D2B671001C72B2C900538B6A /* Frameworks */,
				D2B671011C72B2C900538B6A /* Resources */,
			);
			buildRules = (
			);
			dependencies = (
			);
			name = MathLyb3;
			productName = MathLyb3;
			productReference = D2B671031C72B2C900538B6A /* MathLyb3.app */;
			productType = "com.apple.product-type.application";
		};
		D2B671111C72B2C900538B6A /* MathLyb3Tests */ = {
			isa = PBXNativeTarget;
			buildConfigurationList = D2B6711E1C72B2C900538B6A /* Build configuration list for PBXNativeTarget "MathLyb3Tests" */;
			buildPhases = (
				D2B6710E1C72B2C900538B6A /* Sources */,
				D2B6710F1C72B2C900538B6A /* Frameworks */,
				D2B671101C72B2C900538B6A /* Resources */,
			);
			buildRules = (
			);
			dependencies = (
				D2B671141C72B2C900538B6A /* PBXTargetDependency */,
			);
			name = MathLyb3Tests;
			productName = MathLyb3Tests;
			productReference = D2B671121C72B2C900538B6A /* MathLyb3Tests.xctest */;
			productType = "com.apple.product-type.bundle.unit-test";
		};
/* End PBXNativeTarget section */

/* Begin PBXProject section */
		D2B670FB1C72B2C900538B6A /* Project object */ = {
			isa = PBXProject;
			attributes = {
				LastSwiftUpdateCheck = 0720;
				LastUpgradeCheck = 0720;
				ORGANIZATIONNAME = "Alessandro Pagiaro";
				TargetAttributes = {
					D2B671021C72B2C900538B6A = {
						CreatedOnToolsVersion = 7.2.1;
					};
					D2B671111C72B2C900538B6A = {
						CreatedOnToolsVersion = 7.2.1;
						TestTargetID = D2B671021C72B2C900538B6A;
					};
				};
			};
			buildConfigurationList = D2B670FE1C72B2C900538B6A /* Build configuration list for PBXProject "MathLyb3" */;
			compatibilityVersion = "Xcode 3.2";
			developmentRegion = English;
			hasScannedForEncodings = 0;
			knownRegions = (
				en,
				Base,
			);
			mainGroup = D2B670FA1C72B2C900538B6A;
			productRefGroup = D2B671041C72B2C900538B6A /* Products */;
			projectDirPath = "";
			projectRoot = "";
			targets = (
				D2B671021C72B2C900538B6A /* MathLyb3 */,
				D2B671111C72B2C900538B6A /* MathLyb3Tests */,
			);
		};
/* End PBXProject section */

/* Begin PBXResourcesBuildPhase section */
		D2B671011C72B2C900538B6A /* Resources */ = {
			isa = PBXResourcesBuildPhase;
			buildActionMask = 2147483647;
			files = (
				D2B671091C72B2C900538B6A /* Assets.xcassets in Resources */,
				D2B6710C1C72B2C900538B6A /* MainMenu.xib in Resources */,
				D2B671281C72B6D700538B6A /* MainViewController.xib in Resources */,
				D24513021C935E260097F9B7 /* GameViewController.xib in Resources */,
			);
			runOnlyForDeploymentPostprocessing = 0;
		};
		D2B671101C72B2C900538B6A /* Resources */ = {
			isa = PBXResourcesBuildPhase;
			buildActionMask = 2147483647;
			files = (
				D2CB12D41C808D0400214111 /* Assets.xcassets in Resources */,
			);
			runOnlyForDeploymentPostprocessing = 0;
		};
/* End PBXResourcesBuildPhase section */

/* Begin PBXSourcesBuildPhase section */
		D2B670FF1C72B2C900538B6A /* Sources */ = {
			isa = PBXSourcesBuildPhase;
			buildActionMask = 2147483647;
			files = (
				D235E2BA1C7390D600CD11C9 /* LevelButton.swift in Sources */,
				D24512FD1C9316200097F9B7 /* GameController.swift in Sources */,
				D2B671271C72B6D700538B6A /* MainViewController.swift in Sources */,
				D2D7BB281C838BD500C22B6C /* CustomLevel.swift in Sources */,
				D2B671071C72B2C900538B6A /* AppDelegate.swift in Sources */,
				D2701E3B1C824B6E009E3663 /* SheetView.swift in Sources */,
				D232FF7D1C8C7FB00075068E /* TextViewEditCell.swift in Sources */,
				D24513011C935E260097F9B7 /* GameViewController.swift in Sources */,
				D2701E411C82507E009E3663 /* MyWindow.swift in Sources */,
				D22044061C7BA3A100701252 /* RandomNumberBackground.swift in Sources */,
				D232FF7F1C8CC4A80075068E /* SaveTextInput.swift in Sources */,
				D2701E371C82489C009E3663 /* CreateLevelController.swift in Sources */,
				D27F9A991C9092C1009BCB3C /* LevelView.swift in Sources */,
				D2653F2A1C87579F0027A038 /* Toolbar.swift in Sources */,
				D2B671231C72B2F500538B6A /* LevelScrollController.swift in Sources */,
				D218B6E51C7E859A00569E1A /* blackBackground.swift in Sources */,
				D27F9A9B1C909499009BCB3C /* ScrollLevel.swift in Sources */,
				D2CB12D31C806E0300214111 /* MenuBtn.swift in Sources */,
				D27F9A951C908730009BCB3C /* GameBackground.swift in Sources */,
				D2653F2C1C8782060027A038 /* Level.swift in Sources */,
				D2FCE29B1C7C584100C19C7B /* globalVar.swift in Sources */,
			);
			runOnlyForDeploymentPostprocessing = 0;
		};
		D2B6710E1C72B2C900538B6A /* Sources */ = {
			isa = PBXSourcesBuildPhase;
			buildActionMask = 2147483647;
			files = (
				D2B671171C72B2C900538B6A /* MathLyb3Tests.swift in Sources */,
			);
			runOnlyForDeploymentPostprocessing = 0;
		};
/* End PBXSourcesBuildPhase section */

/* Begin PBXTargetDependency section */
		D2B671141C72B2C900538B6A /* PBXTargetDependency */ = {
			isa = PBXTargetDependency;
			target = D2B671021C72B2C900538B6A /* MathLyb3 */;
			targetProxy = D2B671131C72B2C900538B6A /* PBXContainerItemProxy */;
		};
/* End PBXTargetDependency section */

/* Begin PBXVariantGroup section */
		D2B6710A1C72B2C900538B6A /* MainMenu.xib */ = {
			isa = PBXVariantGroup;
			children = (
				D2B6710B1C72B2C900538B6A /* Base */,
			);
			name = MainMenu.xib;
			sourceTree = "<group>";
		};
/* End PBXVariantGroup section */

/* Begin XCBuildConfiguration section */
		D2B671191C72B2C900538B6A /* Debug */ = {
			isa = XCBuildConfiguration;
			buildSettings = {
				ALWAYS_SEARCH_USER_PATHS = NO;
				CLANG_CXX_LANGUAGE_STANDARD = "gnu++0x";
				CLANG_CXX_LIBRARY = "libc++";
				CLANG_ENABLE_MODULES = YES;
				CLANG_ENABLE_OBJC_ARC = YES;
				CLANG_WARN_BOOL_CONVERSION = YES;
				CLANG_WARN_CONSTANT_CONVERSION = YES;
				CLANG_WARN_DIRECT_OBJC_ISA_USAGE = YES_ERROR;
				CLANG_WARN_EMPTY_BODY = YES;
				CLANG_WARN_ENUM_CONVERSION = YES;
				CLANG_WARN_INT_CONVERSION = YES;
				CLANG_WARN_OBJC_ROOT_CLASS = YES_ERROR;
				CLANG_WARN_UNREACHABLE_CODE = YES;
				CLANG_WARN__DUPLICATE_METHOD_MATCH = YES;
				CODE_SIGN_IDENTITY = "-";
				COPY_PHASE_STRIP = NO;
				DEBUG_INFORMATION_FORMAT = dwarf;
				ENABLE_STRICT_OBJC_MSGSEND = YES;
				ENABLE_TESTABILITY = YES;
				GCC_C_LANGUAGE_STANDARD = gnu99;
				GCC_DYNAMIC_NO_PIC = NO;
				GCC_NO_COMMON_BLOCKS = YES;
				GCC_OPTIMIZATION_LEVEL = 0;
				GCC_PREPROCESSOR_DEFINITIONS = (
					"DEBUG=1",
					"$(inherited)",
				);
				GCC_WARN_64_TO_32_BIT_CONVERSION = YES;
				GCC_WARN_ABOUT_RETURN_TYPE = YES_ERROR;
				GCC_WARN_UNDECLARED_SELECTOR = YES;
				GCC_WARN_UNINITIALIZED_AUTOS = YES_AGGRESSIVE;
				GCC_WARN_UNUSED_FUNCTION = YES;
				GCC_WARN_UNUSED_VARIABLE = YES;
				MACOSX_DEPLOYMENT_TARGET = 10.11;
				MTL_ENABLE_DEBUG_INFO = YES;
				ONLY_ACTIVE_ARCH = YES;
				SDKROOT = macosx;
				SWIFT_OPTIMIZATION_LEVEL = "-Onone";
			};
			name = Debug;
		};
		D2B6711A1C72B2C900538B6A /* Release */ = {
			isa = XCBuildConfiguration;
			buildSettings = {
				ALWAYS_SEARCH_USER_PATHS = NO;
				CLANG_CXX_LANGUAGE_STANDARD = "gnu++0x";
				CLANG_CXX_LIBRARY = "libc++";
				CLANG_ENABLE_MODULES = YES;
				CLANG_ENABLE_OBJC_ARC = YES;
				CLANG_WARN_BOOL_CONVERSION = YES;
				CLANG_WARN_CONSTANT_CONVERSION = YES;
				CLANG_WARN_DIRECT_OBJC_ISA_USAGE = YES_ERROR;
				CLANG_WARN_EMPTY_BODY = YES;
				CLANG_WARN_ENUM_CONVERSION = YES;
				CLANG_WARN_INT_CONVERSION = YES;
				CLANG_WARN_OBJC_ROOT_CLASS = YES_ERROR;
				CLANG_WARN_UNREACHABLE_CODE = YES;
				CLANG_WARN__DUPLICATE_METHOD_MATCH = YES;
				CODE_SIGN_IDENTITY = "-";
				COPY_PHASE_STRIP = NO;
				DEBUG_INFORMATION_FORMAT = "dwarf-with-dsym";
				ENABLE_NS_ASSERTIONS = NO;
				ENABLE_STRICT_OBJC_MSGSEND = YES;
				GCC_C_LANGUAGE_STANDARD = gnu99;
				GCC_NO_COMMON_BLOCKS = YES;
				GCC_WARN_64_TO_32_BIT_CONVERSION = YES;
				GCC_WARN_ABOUT_RETURN_TYPE = YES_ERROR;
				GCC_WARN_UNDECLARED_SELECTOR = YES;
				GCC_WARN_UNINITIALIZED_AUTOS = YES_AGGRESSIVE;
				GCC_WARN_UNUSED_FUNCTION = YES;
				GCC_WARN_UNUSED_VARIABLE = YES;
				MACOSX_DEPLOYMENT_TARGET = 10.11;
				MTL_ENABLE_DEBUG_INFO = NO;
				SDKROOT = macosx;
			};
			name = Release;
		};
		D2B6711C1C72B2C900538B6A /* Debug */ = {
			isa = XCBuildConfiguration;
			buildSettings = {
				ASSETCATALOG_COMPILER_APPICON_NAME = AppIcon;
				COMBINE_HIDPI_IMAGES = YES;
				INFOPLIST_FILE = MathLyb3/Info.plist;
				LD_RUNPATH_SEARCH_PATHS = "$(inherited) @executable_path/../Frameworks";
				PRODUCT_BUNDLE_IDENTIFIER = com.alessandro308.MathLyb3;
				PRODUCT_NAME = "$(TARGET_NAME)";
			};
			name = Debug;
		};
		D2B6711D1C72B2C900538B6A /* Release */ = {
			isa = XCBuildConfiguration;
			buildSettings = {
				ASSETCATALOG_COMPILER_APPICON_NAME = AppIcon;
				COMBINE_HIDPI_IMAGES = YES;
				INFOPLIST_FILE = MathLyb3/Info.plist;
				LD_RUNPATH_SEARCH_PATHS = "$(inherited) @executable_path/../Frameworks";
				PRODUCT_BUNDLE_IDENTIFIER = com.alessandro308.MathLyb3;
				PRODUCT_NAME = "$(TARGET_NAME)";
			};
			name = Release;
		};
		D2B6711F1C72B2C900538B6A /* Debug */ = {
			isa = XCBuildConfiguration;
			buildSettings = {
				BUNDLE_LOADER = "$(TEST_HOST)";
				COMBINE_HIDPI_IMAGES = YES;
				INFOPLIST_FILE = MathLyb3Tests/Info.plist;
				LD_RUNPATH_SEARCH_PATHS = "$(inherited) @executable_path/../Frameworks @loader_path/../Frameworks";
				PRODUCT_BUNDLE_IDENTIFIER = com.alessandro308.MathLyb3Tests;
				PRODUCT_NAME = "$(TARGET_NAME)";
				TEST_HOST = "$(BUILT_PRODUCTS_DIR)/MathLyb3.app/Contents/MacOS/MathLyb3";
			};
			name = Debug;
		};
		D2B671201C72B2C900538B6A /* Release */ = {
			isa = XCBuildConfiguration;
			buildSettings = {
				BUNDLE_LOADER = "$(TEST_HOST)";
				COMBINE_HIDPI_IMAGES = YES;
				INFOPLIST_FILE = MathLyb3Tests/Info.plist;
				LD_RUNPATH_SEARCH_PATHS = "$(inherited) @executable_path/../Frameworks @loader_path/../Frameworks";
				PRODUCT_BUNDLE_IDENTIFIER = com.alessandro308.MathLyb3Tests;
				PRODUCT_NAME = "$(TARGET_NAME)";
				TEST_HOST = "$(BUILT_PRODUCTS_DIR)/MathLyb3.app/Contents/MacOS/MathLyb3";
			};
			name = Release;
		};
/* End XCBuildConfiguration section */

/* Begin XCConfigurationList section */
		D2B670FE1C72B2C900538B6A /* Build configuration list for PBXProject "MathLyb3" */ = {
			isa = XCConfigurationList;
			buildConfigurations = (
				D2B671191C72B2C900538B6A /* Debug */,
				D2B6711A1C72B2C900538B6A /* Release */,
			);
			defaultConfigurationIsVisible = 0;
			defaultConfigurationName = Release;
		};
		D2B6711B1C72B2C900538B6A /* Build configuration list for PBXNativeTarget "MathLyb3" */ = {
			isa = XCConfigurationList;
			buildConfigurations = (
				D2B6711C1C72B2C900538B6A /* Debug */,
				D2B6711D1C72B2C900538B6A /* Release */,
			);
			defaultConfigurationIsVisible = 0;
			defaultConfigurationName = Release;
		};
		D2B6711E1C72B2C900538B6A /* Build configuration list for PBXNativeTarget "MathLyb3Tests" */ = {
			isa = XCConfigurationList;
			buildConfigurations = (
				D2B6711F1C72B2C900538B6A /* Debug */,
				D2B671201C72B2C900538B6A /* Release */,
			);
			defaultConfigurationIsVisible = 0;
			defaultConfigurationName = Release;
		};
/* End XCConfigurationList section */
	};
	rootObject = D2B670FB1C72B2C900538B6A /* Project object */;
}
